// !$*UTF8*$!
{
	archiveVersion = 1;
	classes = {
	};
	objectVersion = 46;
	objects = {

/* Begin PBXBuildFile section */
		6C14CA0D1B8F64B600303343 /* DequeTests.swift in Sources */ = {isa = PBXBuildFile; fileRef = 6C14CA0C1B8F64B600303343 /* DequeTests.swift */; };
		6C1586E21B753E2B00BFF84B /* DataStructures.framework in Frameworks */ = {isa = PBXBuildFile; fileRef = 6C1586D61B753E2B00BFF84B /* DataStructures.framework */; };
		6C1586E91B753E2B00BFF84B /* DoubleEndedContainerTests.swift in Sources */ = {isa = PBXBuildFile; fileRef = 6C1586E81B753E2B00BFF84B /* DoubleEndedContainerTests.swift */; };
		6CC71EF61B8B331200B00903 /* CircularArray.swift in Sources */ = {isa = PBXBuildFile; fileRef = 6CC71EEF1B8B331200B00903 /* CircularArray.swift */; };
		6CC71EF71B8B331200B00903 /* CircularArray.swift in Sources */ = {isa = PBXBuildFile; fileRef = 6CC71EEF1B8B331200B00903 /* CircularArray.swift */; };
		6CC71EF81B8B331200B00903 /* Container.swift in Sources */ = {isa = PBXBuildFile; fileRef = 6CC71EF01B8B331200B00903 /* Container.swift */; };
		6CC71EF91B8B331200B00903 /* Container.swift in Sources */ = {isa = PBXBuildFile; fileRef = 6CC71EF01B8B331200B00903 /* Container.swift */; };
		6CC71EFA1B8B331200B00903 /* DataStructures.h in Headers */ = {isa = PBXBuildFile; fileRef = 6CC71EF11B8B331200B00903 /* DataStructures.h */; settings = {ATTRIBUTES = (Public, ); }; };
		6CC71EFB1B8B331200B00903 /* Deque.swift in Sources */ = {isa = PBXBuildFile; fileRef = 6CC71EF21B8B331200B00903 /* Deque.swift */; };
		6CC71EFC1B8B331200B00903 /* Deque.swift in Sources */ = {isa = PBXBuildFile; fileRef = 6CC71EF21B8B331200B00903 /* Deque.swift */; };
		6CC71EFD1B8B331200B00903 /* LinkedList.swift in Sources */ = {isa = PBXBuildFile; fileRef = 6CC71EF31B8B331200B00903 /* LinkedList.swift */; };
		6CC71EFE1B8B331200B00903 /* LinkedList.swift in Sources */ = {isa = PBXBuildFile; fileRef = 6CC71EF31B8B331200B00903 /* LinkedList.swift */; };
		6CC71EFF1B8B331200B00903 /* Queue.swift in Sources */ = {isa = PBXBuildFile; fileRef = 6CC71EF41B8B331200B00903 /* Queue.swift */; };
		6CC71F001B8B331200B00903 /* Queue.swift in Sources */ = {isa = PBXBuildFile; fileRef = 6CC71EF41B8B331200B00903 /* Queue.swift */; };
		6CC71F011B8B331200B00903 /* Stack.swift in Sources */ = {isa = PBXBuildFile; fileRef = 6CC71EF51B8B331200B00903 /* Stack.swift */; };
		6CC71F021B8B331200B00903 /* Stack.swift in Sources */ = {isa = PBXBuildFile; fileRef = 6CC71EF51B8B331200B00903 /* Stack.swift */; };
		6CC71F071B8DDE7C00B00903 /* CircularArrayTests.swift in Sources */ = {isa = PBXBuildFile; fileRef = 6CC71F061B8DDE7C00B00903 /* CircularArrayTests.swift */; };
		6CC71F091B8DE65300B00903 /* LinkedListTests.swift in Sources */ = {isa = PBXBuildFile; fileRef = 6CC71F081B8DE65300B00903 /* LinkedListTests.swift */; };
		6CC71F0B1B8DE7B700B00903 /* QueueTests.swift in Sources */ = {isa = PBXBuildFile; fileRef = 6CC71F0A1B8DE7B700B00903 /* QueueTests.swift */; };
/* End PBXBuildFile section */

/* Begin PBXContainerItemProxy section */
		6C1586E31B753E2B00BFF84B /* PBXContainerItemProxy */ = {
			isa = PBXContainerItemProxy;
			containerPortal = 6C1586CD1B753E2B00BFF84B /* Project object */;
			proxyType = 1;
			remoteGlobalIDString = 6C1586D51B753E2B00BFF84B;
			remoteInfo = DataStructures;
		};
/* End PBXContainerItemProxy section */

/* Begin PBXFileReference section */
		6C14CA0C1B8F64B600303343 /* DequeTests.swift */ = {isa = PBXFileReference; fileEncoding = 4; lastKnownFileType = sourcecode.swift; path = DequeTests.swift; sourceTree = "<group>"; };
		6C1586D61B753E2B00BFF84B /* DataStructures.framework */ = {isa = PBXFileReference; explicitFileType = wrapper.framework; includeInIndex = 0; path = DataStructures.framework; sourceTree = BUILT_PRODUCTS_DIR; };
		6C1586E11B753E2B00BFF84B /* DataStructuresTests.xctest */ = {isa = PBXFileReference; explicitFileType = wrapper.cfbundle; includeInIndex = 0; path = DataStructuresTests.xctest; sourceTree = BUILT_PRODUCTS_DIR; };
		6C1586E71B753E2B00BFF84B /* Info.plist */ = {isa = PBXFileReference; lastKnownFileType = text.plist.xml; path = Info.plist; sourceTree = "<group>"; };
		6C1586E81B753E2B00BFF84B /* DoubleEndedContainerTests.swift */ = {isa = PBXFileReference; lastKnownFileType = sourcecode.swift; path = DoubleEndedContainerTests.swift; sourceTree = "<group>"; };
		6CC71EEF1B8B331200B00903 /* CircularArray.swift */ = {isa = PBXFileReference; fileEncoding = 4; lastKnownFileType = sourcecode.swift; name = CircularArray.swift; path = DataStructures/CircularArray.swift; sourceTree = SOURCE_ROOT; };
		6CC71EF01B8B331200B00903 /* Container.swift */ = {isa = PBXFileReference; fileEncoding = 4; lastKnownFileType = sourcecode.swift; name = Container.swift; path = DataStructures/Container.swift; sourceTree = SOURCE_ROOT; };
		6CC71EF11B8B331200B00903 /* DataStructures.h */ = {isa = PBXFileReference; fileEncoding = 4; lastKnownFileType = sourcecode.c.h; name = DataStructures.h; path = DataStructures/DataStructures.h; sourceTree = SOURCE_ROOT; };
		6CC71EF21B8B331200B00903 /* Deque.swift */ = {isa = PBXFileReference; fileEncoding = 4; lastKnownFileType = sourcecode.swift; name = Deque.swift; path = DataStructures/Deque.swift; sourceTree = SOURCE_ROOT; };
		6CC71EF31B8B331200B00903 /* LinkedList.swift */ = {isa = PBXFileReference; fileEncoding = 4; lastKnownFileType = sourcecode.swift; name = LinkedList.swift; path = DataStructures/LinkedList.swift; sourceTree = SOURCE_ROOT; };
		6CC71EF41B8B331200B00903 /* Queue.swift */ = {isa = PBXFileReference; fileEncoding = 4; lastKnownFileType = sourcecode.swift; name = Queue.swift; path = DataStructures/Queue.swift; sourceTree = SOURCE_ROOT; };
		6CC71EF51B8B331200B00903 /* Stack.swift */ = {isa = PBXFileReference; fileEncoding = 4; lastKnownFileType = sourcecode.swift; name = Stack.swift; path = DataStructures/Stack.swift; sourceTree = SOURCE_ROOT; };
		6CC71F031B8B332A00B00903 /* Info.plist */ = {isa = PBXFileReference; lastKnownFileType = text.plist.xml; name = Info.plist; path = DataStructures/Info.plist; sourceTree = SOURCE_ROOT; };
		6CC71F061B8DDE7C00B00903 /* CircularArrayTests.swift */ = {isa = PBXFileReference; fileEncoding = 4; lastKnownFileType = sourcecode.swift; path = CircularArrayTests.swift; sourceTree = "<group>"; };
		6CC71F081B8DE65300B00903 /* LinkedListTests.swift */ = {isa = PBXFileReference; fileEncoding = 4; lastKnownFileType = sourcecode.swift; path = LinkedListTests.swift; sourceTree = "<group>"; };
		6CC71F0A1B8DE7B700B00903 /* QueueTests.swift */ = {isa = PBXFileReference; fileEncoding = 4; lastKnownFileType = sourcecode.swift; path = QueueTests.swift; sourceTree = "<group>"; };
/* End PBXFileReference section */

/* Begin PBXFrameworksBuildPhase section */
		6C1586D21B753E2B00BFF84B /* Frameworks */ = {
			isa = PBXFrameworksBuildPhase;
			buildActionMask = 2147483647;
			files = (
			);
			runOnlyForDeploymentPostprocessing = 0;
		};
		6C1586DE1B753E2B00BFF84B /* Frameworks */ = {
			isa = PBXFrameworksBuildPhase;
			buildActionMask = 2147483647;
			files = (
				6C1586E21B753E2B00BFF84B /* DataStructures.framework in Frameworks */,
			);
			runOnlyForDeploymentPostprocessing = 0;
		};
/* End PBXFrameworksBuildPhase section */

/* Begin PBXGroup section */
		6C1586CC1B753E2B00BFF84B = {
			isa = PBXGroup;
			children = (
				6C1586D81B753E2B00BFF84B /* DataStructures */,
				6C1586E51B753E2B00BFF84B /* DataStructuresTests */,
				6C1586D71B753E2B00BFF84B /* Products */,
			);
			sourceTree = "<group>";
		};
		6C1586D71B753E2B00BFF84B /* Products */ = {
			isa = PBXGroup;
			children = (
				6C1586D61B753E2B00BFF84B /* DataStructures.framework */,
				6C1586E11B753E2B00BFF84B /* DataStructuresTests.xctest */,
			);
			name = Products;
			sourceTree = "<group>";
		};
		6C1586D81B753E2B00BFF84B /* DataStructures */ = {
			isa = PBXGroup;
			children = (
				6CC71EEF1B8B331200B00903 /* CircularArray.swift */,
				6CC71EF01B8B331200B00903 /* Container.swift */,
				6CC71EF11B8B331200B00903 /* DataStructures.h */,
				6CC71EF21B8B331200B00903 /* Deque.swift */,
				6CC71EF31B8B331200B00903 /* LinkedList.swift */,
				6CC71EF41B8B331200B00903 /* Queue.swift */,
				6CC71EF51B8B331200B00903 /* Stack.swift */,
				6C1586D91B753E2B00BFF84B /* Supporting Files */,
			);
			path = DataStructures;
			sourceTree = "<group>";
		};
		6C1586D91B753E2B00BFF84B /* Supporting Files */ = {
			isa = PBXGroup;
			children = (
				6CC71F031B8B332A00B00903 /* Info.plist */,
			);
			name = "Supporting Files";
			sourceTree = "<group>";
		};
		6C1586E51B753E2B00BFF84B /* DataStructuresTests */ = {
			isa = PBXGroup;
			children = (
				6C1586E81B753E2B00BFF84B /* DoubleEndedContainerTests.swift */,
				6CC71F061B8DDE7C00B00903 /* CircularArrayTests.swift */,
				6CC71F0A1B8DE7B700B00903 /* QueueTests.swift */,
				6C14CA0C1B8F64B600303343 /* DequeTests.swift */,
				6CC71F081B8DE65300B00903 /* LinkedListTests.swift */,
				6C1586E61B753E2B00BFF84B /* Supporting Files */,
			);
			path = DataStructuresTests;
			sourceTree = "<group>";
		};
		6C1586E61B753E2B00BFF84B /* Supporting Files */ = {
			isa = PBXGroup;
			children = (
				6C1586E71B753E2B00BFF84B /* Info.plist */,
			);
			name = "Supporting Files";
			sourceTree = "<group>";
		};
/* End PBXGroup section */

/* Begin PBXHeadersBuildPhase section */
		6C1586D31B753E2B00BFF84B /* Headers */ = {
			isa = PBXHeadersBuildPhase;
			buildActionMask = 2147483647;
			files = (
				6CC71EFA1B8B331200B00903 /* DataStructures.h in Headers */,
			);
			runOnlyForDeploymentPostprocessing = 0;
		};
/* End PBXHeadersBuildPhase section */

/* Begin PBXNativeTarget section */
		6C1586D51B753E2B00BFF84B /* DataStructures */ = {
			isa = PBXNativeTarget;
			buildConfigurationList = 6C1586EC1B753E2B00BFF84B /* Build configuration list for PBXNativeTarget "DataStructures" */;
			buildPhases = (
				6C1586D11B753E2B00BFF84B /* Sources */,
				6C1586D21B753E2B00BFF84B /* Frameworks */,
				6C1586D31B753E2B00BFF84B /* Headers */,
				6C1586D41B753E2B00BFF84B /* Resources */,
			);
			buildRules = (
			);
			dependencies = (
			);
			name = DataStructures;
			productName = DataStructures;
			productReference = 6C1586D61B753E2B00BFF84B /* DataStructures.framework */;
			productType = "com.apple.product-type.framework";
		};
		6C1586E01B753E2B00BFF84B /* DataStructuresTests */ = {
			isa = PBXNativeTarget;
			buildConfigurationList = 6C1586EF1B753E2B00BFF84B /* Build configuration list for PBXNativeTarget "DataStructuresTests" */;
			buildPhases = (
				6C1586DD1B753E2B00BFF84B /* Sources */,
				6C1586DE1B753E2B00BFF84B /* Frameworks */,
				6C1586DF1B753E2B00BFF84B /* Resources */,
			);
			buildRules = (
			);
			dependencies = (
				6C1586E41B753E2B00BFF84B /* PBXTargetDependency */,
			);
			name = DataStructuresTests;
			productName = DataStructuresTests;
			productReference = 6C1586E11B753E2B00BFF84B /* DataStructuresTests.xctest */;
			productType = "com.apple.product-type.bundle.unit-test";
		};
/* End PBXNativeTarget section */

/* Begin PBXProject section */
		6C1586CD1B753E2B00BFF84B /* Project object */ = {
			isa = PBXProject;
			attributes = {
				LastSwiftUpdateCheck = 0700;
				LastUpgradeCheck = 0700;
				ORGANIZATIONNAME = sangonz;
				TargetAttributes = {
					6C1586D51B753E2B00BFF84B = {
						CreatedOnToolsVersion = 6.4;
					};
					6C1586E01B753E2B00BFF84B = {
						CreatedOnToolsVersion = 6.4;
					};
				};
			};
			buildConfigurationList = 6C1586D01B753E2B00BFF84B /* Build configuration list for PBXProject "DataStructures" */;
			compatibilityVersion = "Xcode 3.2";
			developmentRegion = English;
			hasScannedForEncodings = 0;
			knownRegions = (
				en,
			);
			mainGroup = 6C1586CC1B753E2B00BFF84B;
			productRefGroup = 6C1586D71B753E2B00BFF84B /* Products */;
			projectDirPath = "";
			projectRoot = "";
			targets = (
				6C1586D51B753E2B00BFF84B /* DataStructures */,
				6C1586E01B753E2B00BFF84B /* DataStructuresTests */,
			);
		};
/* End PBXProject section */

/* Begin PBXResourcesBuildPhase section */
		6C1586D41B753E2B00BFF84B /* Resources */ = {
			isa = PBXResourcesBuildPhase;
			buildActionMask = 2147483647;
			files = (
			);
			runOnlyForDeploymentPostprocessing = 0;
		};
		6C1586DF1B753E2B00BFF84B /* Resources */ = {
			isa = PBXResourcesBuildPhase;
			buildActionMask = 2147483647;
			files = (
			);
			runOnlyForDeploymentPostprocessing = 0;
		};
/* End PBXResourcesBuildPhase section */

/* Begin PBXSourcesBuildPhase section */
		6C1586D11B753E2B00BFF84B /* Sources */ = {
			isa = PBXSourcesBuildPhase;
			buildActionMask = 2147483647;
			files = (
				6CC71EF61B8B331200B00903 /* CircularArray.swift in Sources */,
				6CC71EFD1B8B331200B00903 /* LinkedList.swift in Sources */,
				6CC71EFF1B8B331200B00903 /* Queue.swift in Sources */,
				6CC71F011B8B331200B00903 /* Stack.swift in Sources */,
				6CC71EFB1B8B331200B00903 /* Deque.swift in Sources */,
				6CC71EF81B8B331200B00903 /* Container.swift in Sources */,
			);
			runOnlyForDeploymentPostprocessing = 0;
		};
		6C1586DD1B753E2B00BFF84B /* Sources */ = {
			isa = PBXSourcesBuildPhase;
			buildActionMask = 2147483647;
			files = (
				6C14CA0D1B8F64B600303343 /* DequeTests.swift in Sources */,
				6CC71F021B8B331200B00903 /* Stack.swift in Sources */,
				6CC71F091B8DE65300B00903 /* LinkedListTests.swift in Sources */,
				6CC71EF71B8B331200B00903 /* CircularArray.swift in Sources */,
				6CC71F071B8DDE7C00B00903 /* CircularArrayTests.swift in Sources */,
				6C1586E91B753E2B00BFF84B /* DoubleEndedContainerTests.swift in Sources */,
				6CC71F001B8B331200B00903 /* Queue.swift in Sources */,
				6CC71EF91B8B331200B00903 /* Container.swift in Sources */,
				6CC71F0B1B8DE7B700B00903 /* QueueTests.swift in Sources */,
				6CC71EFC1B8B331200B00903 /* Deque.swift in Sources */,
				6CC71EFE1B8B331200B00903 /* LinkedList.swift in Sources */,
			);
			runOnlyForDeploymentPostprocessing = 0;
		};
/* End PBXSourcesBuildPhase section */

/* Begin PBXTargetDependency section */
		6C1586E41B753E2B00BFF84B /* PBXTargetDependency */ = {
			isa = PBXTargetDependency;
			target = 6C1586D51B753E2B00BFF84B /* DataStructures */;
			targetProxy = 6C1586E31B753E2B00BFF84B /* PBXContainerItemProxy */;
		};
/* End PBXTargetDependency section */

/* Begin XCBuildConfiguration section */
		6C1586EA1B753E2B00BFF84B /* Debug */ = {
			isa = XCBuildConfiguration;
			buildSettings = {
				ALWAYS_SEARCH_USER_PATHS = NO;
				CLANG_CXX_LANGUAGE_STANDARD = "gnu++0x";
				CLANG_CXX_LIBRARY = "libc++";
				CLANG_ENABLE_MODULES = YES;
				CLANG_ENABLE_OBJC_ARC = YES;
				CLANG_WARN_BOOL_CONVERSION = YES;
				CLANG_WARN_CONSTANT_CONVERSION = YES;
				CLANG_WARN_DIRECT_OBJC_ISA_USAGE = YES_ERROR;
				CLANG_WARN_EMPTY_BODY = YES;
				CLANG_WARN_ENUM_CONVERSION = YES;
				CLANG_WARN_INT_CONVERSION = YES;
				CLANG_WARN_OBJC_ROOT_CLASS = YES_ERROR;
				CLANG_WARN_UNREACHABLE_CODE = YES;
				CLANG_WARN__DUPLICATE_METHOD_MATCH = YES;
				COPY_PHASE_STRIP = NO;
				CURRENT_PROJECT_VERSION = 1;
				DEBUG_INFORMATION_FORMAT = dwarf;
				ENABLE_STRICT_OBJC_MSGSEND = YES;
				ENABLE_TESTABILITY = YES;
				GCC_C_LANGUAGE_STANDARD = gnu99;
				GCC_DYNAMIC_NO_PIC = NO;
				GCC_NO_COMMON_BLOCKS = YES;
				GCC_OPTIMIZATION_LEVEL = 0;
				GCC_PREPROCESSOR_DEFINITIONS = (
					"DEBUG=1",
					"$(inherited)",
				);
				GCC_SYMBOLS_PRIVATE_EXTERN = NO;
				GCC_WARN_64_TO_32_BIT_CONVERSION = YES;
				GCC_WARN_ABOUT_RETURN_TYPE = YES_ERROR;
				GCC_WARN_UNDECLARED_SELECTOR = YES;
				GCC_WARN_UNINITIALIZED_AUTOS = YES_AGGRESSIVE;
				GCC_WARN_UNUSED_FUNCTION = YES;
				GCC_WARN_UNUSED_VARIABLE = YES;
				MACOSX_DEPLOYMENT_TARGET = 10.10;
				MTL_ENABLE_DEBUG_INFO = YES;
				ONLY_ACTIVE_ARCH = YES;
				SDKROOT = macosx;
				SWIFT_OPTIMIZATION_LEVEL = "-Onone";
				VERSIONING_SYSTEM = "apple-generic";
				VERSION_INFO_PREFIX = "";
			};
			name = Debug;
		};
		6C1586EB1B753E2B00BFF84B /* Release */ = {
			isa = XCBuildConfiguration;
			buildSettings = {
				ALWAYS_SEARCH_USER_PATHS = NO;
				CLANG_CXX_LANGUAGE_STANDARD = "gnu++0x";
				CLANG_CXX_LIBRARY = "libc++";
				CLANG_ENABLE_MODULES = YES;
				CLANG_ENABLE_OBJC_ARC = YES;
				CLANG_WARN_BOOL_CONVERSION = YES;
				CLANG_WARN_CONSTANT_CONVERSION = YES;
				CLANG_WARN_DIRECT_OBJC_ISA_USAGE = YES_ERROR;
				CLANG_WARN_EMPTY_BODY = YES;
				CLANG_WARN_ENUM_CONVERSION = YES;
				CLANG_WARN_INT_CONVERSION = YES;
				CLANG_WARN_OBJC_ROOT_CLASS = YES_ERROR;
				CLANG_WARN_UNREACHABLE_CODE = YES;
				CLANG_WARN__DUPLICATE_METHOD_MATCH = YES;
				COPY_PHASE_STRIP = NO;
				CURRENT_PROJECT_VERSION = 1;
				DEBUG_INFORMATION_FORMAT = "dwarf-with-dsym";
				ENABLE_NS_ASSERTIONS = NO;
				ENABLE_STRICT_OBJC_MSGSEND = YES;
				GCC_C_LANGUAGE_STANDARD = gnu99;
				GCC_NO_COMMON_BLOCKS = YES;
				GCC_WARN_64_TO_32_BIT_CONVERSION = YES;
				GCC_WARN_ABOUT_RETURN_TYPE = YES_ERROR;
				GCC_WARN_UNDECLARED_SELECTOR = YES;
				GCC_WARN_UNINITIALIZED_AUTOS = YES_AGGRESSIVE;
				GCC_WARN_UNUSED_FUNCTION = YES;
				GCC_WARN_UNUSED_VARIABLE = YES;
				MACOSX_DEPLOYMENT_TARGET = 10.10;
				MTL_ENABLE_DEBUG_INFO = NO;
				SDKROOT = macosx;
				VERSIONING_SYSTEM = "apple-generic";
				VERSION_INFO_PREFIX = "";
			};
			name = Release;
		};
		6C1586ED1B753E2B00BFF84B /* Debug */ = {
			isa = XCBuildConfiguration;
			buildSettings = {
				CLANG_ENABLE_MODULES = YES;
				COMBINE_HIDPI_IMAGES = YES;
				DEFINES_MODULE = YES;
				DYLIB_COMPATIBILITY_VERSION = 1;
				DYLIB_CURRENT_VERSION = 1;
				DYLIB_INSTALL_NAME_BASE = "@rpath";
				FRAMEWORK_VERSION = A;
				INFOPLIST_FILE = "$(SRCROOT)/DataStructures/Info.plist";
				INSTALL_PATH = "$(LOCAL_LIBRARY_DIR)/Frameworks";
				LD_RUNPATH_SEARCH_PATHS = "$(inherited) @executable_path/../Frameworks @loader_path/Frameworks";
				PRODUCT_BUNDLE_IDENTIFIER = "com.sangonz.$(PRODUCT_NAME:rfc1034identifier)";
				PRODUCT_NAME = "$(TARGET_NAME)";
				SKIP_INSTALL = YES;
				SWIFT_OPTIMIZATION_LEVEL = "-Onone";
			};
			name = Debug;
		};
		6C1586EE1B753E2B00BFF84B /* Release */ = {
			isa = XCBuildConfiguration;
			buildSettings = {
				CLANG_ENABLE_MODULES = YES;
				COMBINE_HIDPI_IMAGES = YES;
				DEFINES_MODULE = YES;
				DYLIB_COMPATIBILITY_VERSION = 1;
				DYLIB_CURRENT_VERSION = 1;
				DYLIB_INSTALL_NAME_BASE = "@rpath";
				FRAMEWORK_VERSION = A;
				INFOPLIST_FILE = "$(SRCROOT)/DataStructures/Info.plist";
				INSTALL_PATH = "$(LOCAL_LIBRARY_DIR)/Frameworks";
				LD_RUNPATH_SEARCH_PATHS = "$(inherited) @executable_path/../Frameworks @loader_path/Frameworks";
				PRODUCT_BUNDLE_IDENTIFIER = "com.sangonz.$(PRODUCT_NAME:rfc1034identifier)";
				PRODUCT_NAME = "$(TARGET_NAME)";
				SKIP_INSTALL = YES;
			};
			name = Release;
		};
		6C1586F01B753E2B00BFF84B /* Debug */ = {
			isa = XCBuildConfiguration;
			buildSettings = {
				COMBINE_HIDPI_IMAGES = YES;
				FRAMEWORK_SEARCH_PATHS = (
					"$(DEVELOPER_FRAMEWORKS_DIR)",
					"$(inherited)",
				);
				GCC_PREPROCESSOR_DEFINITIONS = (
					"DEBUG=1",
					"$(inherited)",
				);
				INFOPLIST_FILE = DataStructuresTests/Info.plist;
				LD_RUNPATH_SEARCH_PATHS = "$(inherited) @executable_path/../Frameworks @loader_path/../Frameworks";
				PRODUCT_BUNDLE_IDENTIFIER = "com.sangonz.$(PRODUCT_NAME:rfc1034identifier)";
				PRODUCT_NAME = DataStructuresTests;
			};
			name = Debug;
		};
		6C1586F11B753E2B00BFF84B /* Release */ = {
			isa = XCBuildConfiguration;
			buildSettings = {
				COMBINE_HIDPI_IMAGES = YES;
				FRAMEWORK_SEARCH_PATHS = (
					"$(DEVELOPER_FRAMEWORKS_DIR)",
					"$(inherited)",
				);
				INFOPLIST_FILE = DataStructuresTests/Info.plist;
				LD_RUNPATH_SEARCH_PATHS = "$(inherited) @executable_path/../Frameworks @loader_path/../Frameworks";
				PRODUCT_BUNDLE_IDENTIFIER = "com.sangonz.$(PRODUCT_NAME:rfc1034identifier)";
				PRODUCT_NAME = DataStructuresTests;
			};
			name = Release;
		};
/* End XCBuildConfiguration section */

/* Begin XCConfigurationList section */
		6C1586D01B753E2B00BFF84B /* Build configuration list for PBXProject "DataStructures" */ = {
			isa = XCConfigurationList;
			buildConfigurations = (
				6C1586EA1B753E2B00BFF84B /* Debug */,
				6C1586EB1B753E2B00BFF84B /* Release */,
			);
			defaultConfigurationIsVisible = 0;
			defaultConfigurationName = Release;
		};
		6C1586EC1B753E2B00BFF84B /* Build configuration list for PBXNativeTarget "DataStructures" */ = {
			isa = XCConfigurationList;
			buildConfigurations = (
				6C1586ED1B753E2B00BFF84B /* Debug */,
				6C1586EE1B753E2B00BFF84B /* Release */,
			);
			defaultConfigurationIsVisible = 0;
			defaultConfigurationName = Release;
		};
		6C1586EF1B753E2B00BFF84B /* Build configuration list for PBXNativeTarget "DataStructuresTests" */ = {
			isa = XCConfigurationList;
			buildConfigurations = (
				6C1586F01B753E2B00BFF84B /* Debug */,
				6C1586F11B753E2B00BFF84B /* Release */,
			);
			defaultConfigurationIsVisible = 0;
			defaultConfigurationName = Release;
		};
/* End XCConfigurationList section */
	};
	rootObject = 6C1586CD1B753E2B00BFF84B /* Project object */;
}
